{
  "requires": true,
  "lockfileVersion": 1,
  "dependencies": {
    "croppie": {
      "version": "2.6.4",
      "resolved": "https://registry.npmjs.org/croppie/-/croppie-2.6.4.tgz",
      "integrity": "sha512-dK2gP7nmAuzMP8TU+JNPOmZJkMyp5VPMJxE/uvmiOC7Vzwon333eo2i9T40D5rqm9NrBJU/ovAyg7xDX2Swaiw=="
    },
    "select2": {
      "version": "4.0.12",
      "resolved": "https://registry.npmjs.org/select2/-/select2-4.0.12.tgz",
      "integrity": "sha512-mbXC05AvjCboZcRlgJqN4mlI2qmqshpRC76sKNAdxS1lPLOh2m/NTyfL6xsvGoY6eIhjaya4dbumN99MudVQ2w=="
    }
  }
}
